
Microsoft Visual Studio Solution File, Format Version 12.00
# Visual Studio 15
VisualStudioVersion = 15.0.28010.0
MinimumVisualStudioVersion = 10.0.40219.1
Project("{FAE04EC0-301F-11D3-BF4B-00C04F79EFBC}") = "InterfazGrafica", "InterfazGrafica\InterfazGrafica.csproj", "{4FED586A-E2E8-4399-BE0C-7BE5570AB69E}"
EndProject
Global
	GlobalSection(SolutionConfigurationPlatforms) = preSolution
		Debug|Any CPU = Debug|Any CPU
		Release|Any CPU = Release|Any CPU
	EndGlobalSection
	GlobalSection(ProjectConfigurationPlatforms) = postSolution
		{4FED586A-E2E8-4399-BE0C-7BE5570AB69E}.Debug|Any CPU.ActiveCfg = Debug|Any CPU
		{4FED586A-E2E8-4399-BE0C-7BE5570AB69E}.Debug|Any CPU.Build.0 = Debug|Any CPU
		{4FED586A-E2E8-4399-BE0C-7BE5570AB69E}.Release|Any CPU.ActiveCfg = Release|Any CPU
		{4FED586A-E2E8-4399-BE0C-7BE5570AB69E}.Release|Any CPU.Build.0 = Release|Any CPU
	EndGlobalSection
	GlobalSection(SolutionProperties) = preSolution
		HideSolutionNode = FALSE
	EndGlobalSection
	GlobalSection(ExtensibilityGlobals) = postSolution
		SolutionGuid = {3FC51718-7ED5-4639-AD9C-3D9905A4606D}
	EndGlobalSection
EndGlobal
